github.com/PaesslerAG/gval v1.0.1 h1:QnCvok0w0Y3uZNxmNmC6GZ0cuBl+jH0tu/rBMT8pso4=
github.com/PaesslerAG/gval v1.0.1/go.mod h1:y/nm5yEyTeX6av0OfKJNp9rBNj2XrGhAf5+v24IBN1I=
github.com/PaesslerAG/jsonpath v0.1.0/go.mod h1:4BzmtoM/PI8fPO4aQGIusjGxGir2BzcV0grWtFzq1Y8=
github.com/StackExchange/wmi v0.0.0-20180116203802-5d049714c4a6 h1:fLjPD/aNc3UIOA6tDi6QXUemppXK3P9BI7mr2hd6gx8=
github.com/StackExchange/wmi v0.0.0-20180116203802-5d049714c4a6/go.mod h1:3eOhrUMpNV+6aFIbp5/iudMxNCF27Vw2OZgy4xEx0Fg=
github.com/go-ole/go-ole v1.2.4 h1:nNBDSCOigTSiarFpYE9J/KtEA1IOW4CNeqT9TQDqCxI=
github.com/go-ole/go-ole v1.2.4/go.mod h1:XCwSNxSkXRo4vlyPy93sltvi/qJq0jqQhjqQNIwKuxM=
github.com/inconshreveable/mousetrap v1.0.0 h1:Z8tu5sraLXCXIcARxBp/8cbvlwVa7Z1NHg9XEKhtSvM=
github.com/inconshreveable/mousetrap v1.0.0/go.mod h1:PxqpIevigyE2G7u3NXJIT2ANytuPF1OarO4DADm73n8=
github.com/pbnjay/memory v0.0.0-20190104145345-974d429e7ae4 h1:MfIUBZ1bz7TgvQLVa/yPJZOGeKEgs6eTKUjz3zB4B+U=
github.com/pbnjay/memory v0.0.0-20190104145345-974d429e7ae4/go.mod h1:RMU2gJXhratVxBDTFeOdNhd540tG57lt9FIUV0YLvIQ=
github.com/shirou/gopsutil v2.17.13-0.20180801053943-8048a2e9c577+incompatible h1:G5sSEVYPmF5brwNsv/EcbzzlmlQQCf+jvgccZkNgT7c=
github.com/shirou/gopsutil v2.17.13-0.20180801053943-8048a2e9c577+incompatible/go.mod h1:5b4v6he4MtMOwMlS0TUMTu2PcXUg8+E1lC7eC3UO/RA=
github.com/shirou/w32 v0.0.0-20160930032740-bb4de0191aa4 h1:udFKJ0aHUL60LboW/A+DfgoHVedieIzIXE8uylPue0U=
github.com/shirou/w32 v0.0.0-20160930032740-bb4de0191aa4/go.mod h1:qsXQc7+bwAM3Q1u/4XEfrquwF8Lw7D7y5cD8CuHnfIc=
github.com/spf13/cobra v0.0.4-0.20190311125509-ba1052d4cbce h1:KcZdp6ZYVGTJDBmQhlYYTj8LydCxXzOGDvDy1Bk2CVU=
github.com/spf13/cobra v0.0.4-0.20190311125509-ba1052d4cbce/go.mod h1:1l0Ry5zgKvJasoi3XT1TypsSe7PqH0Sj9dhYf7v3XqQ=
github.com/spf13/pflag v1.0.3 h1:zPAT6CGy6wXeQ7NtTnaTerfKOsV6V6F8agHXFiazDkg=
github.com/spf13/pflag v1.0.3/go.mod h1:DYY7MBk1bdzusC3SYhjObp+wFpr4gzcvqqNjLnInEg4=
github.com/thedevsaddam/gojsonq v2.2.2+incompatible h1:IDBN1FNzhv9p83n8JEnuu0rrlXIVFlf8K9lWuXPJHfI=
github.com/thedevsaddam/gojsonq v2.2.2+incompatible/go.mod h1:RBcQaITThgJAAYKH7FNp2onYodRz8URfsuEGpAch0NA=
golang.org/x/sys v0.0.0-20190219203350-90b0e4468f99 h1:mlL4HvR5ojTCLdWRydhoj7jto5SXLsxLc0b1r/3DNlE=
golang.org/x/sys v0.0.0-20190219203350-90b0e4468f99/go.mod h1:STP8DvDyc/dI5b8T5hshtkjS+E42TnysNCUPdjciGhY=
