# This file is autogenerated, do not edit; changes may be undone by the next 'dep ensure'.


[[projects]]
  digest = "1:e3983013d82da8c49fb6776c6317d0da4b9cb926f1bb11af37f8c975889db042"
  name = "github.com/PaesslerAG/gval"
  packages = ["."]
  pruneopts = "UT"
  revision = "0ce847fc5e6163ee05ae770a441ba497fc77dcaa"
  version = "v1.0.1"

[[projects]]
  digest = "1:e92f5581902c345eb4ceffdcd4a854fb8f73cf436d47d837d1ec98ef1fe0a214"
  name = "github.com/StackExchange/wmi"
  packages = ["."]
  pruneopts = "UT"
  revision = "5d049714c4a64225c3c79a7cf7d02f7fb5b96338"
  version = "1.0.0"

[[projects]]
  digest = "1:440028f55cb322d8cb5b9d5ebec298a00b7d74690a658fe6b1c0c0b44341bfae"
  name = "github.com/go-ole/go-ole"
  packages = [
    ".",
    "oleutil",
  ]
  pruneopts = "UT"
  revision = "97b6244175ae18ea6eef668034fd6565847501c9"
  version = "v1.2.4"

[[projects]]
  digest = "1:870d441fe217b8e689d7949fef6e43efbc787e50f200cb1e70dbca9204a1d6be"
  name = "github.com/inconshreveable/mousetrap"
  packages = ["."]
  pruneopts = "UT"
  revision = "76626ae9c91c4f2a10f34cad8ce83ea42c93bb75"
  version = "v1.0"

[[projects]]
  digest = "1:5f81e80915d9312397c603b6da6f751a4ae36ae2b4d4f0474a34241d95738686"
  name = "github.com/pbnjay/memory"
  packages = ["."]
  pruneopts = "UT"
  revision = "974d429e7ae40c89e7dcd41cfcc22a0bfbe42510"

[[projects]]
  digest = "1:9fb64875be1386e75492979fbec6a89ebf1639fefd08ca85f37868944acf4ab6"
  name = "github.com/spf13/cobra"
  packages = ["."]
  pruneopts = "UT"
  revision = "ba1052d4cbce7aac421a96de820558f75199ccbc"

[[projects]]
  digest = "1:c1b1102241e7f645bc8e0c22ae352e8f0dc6484b6cb4d132fa9f24174e0119e2"
  name = "github.com/spf13/pflag"
  packages = ["."]
  pruneopts = "UT"
  revision = "298182f68c66c05229eb03ac171abe6e309ee79a"
  version = "v1.0.3"

[[projects]]
  digest = "1:48702a7b31ffeb1ccce5db38ba75998906a74479ec0c7f50546a58105ba44972"
  name = "github.com/thedevsaddam/gojsonq"
  packages = ["."]
  pruneopts = "UT"
  revision = "69113724147bdb0973fc7b64d71de08e6cd476cb"
  version = "v2.2.2"

[[projects]]
  digest = "1:b6e1a0c7832fdadb7f395c33657a39c47abb9103dd3741bd7a5048d72d9419d0"
  name = "golang.org/x/sys"
  packages = [
    "windows",
    "windows/svc",
    "windows/svc/mgr",
  ]
  pruneopts = "UT"
  revision = "90b0e4468f9980bf79a2290394adaf7f045c5d24"

[solve-meta]
  analyzer-name = "dep"
  analyzer-version = 1
  input-imports = [
    "github.com/PaesslerAG/gval",
    "github.com/StackExchange/wmi",
    "github.com/pbnjay/memory",
    "github.com/spf13/cobra",
    "github.com/thedevsaddam/gojsonq",
    "golang.org/x/sys/windows",
    "golang.org/x/sys/windows/svc",
    "golang.org/x/sys/windows/svc/mgr",
  ]
  solver-name = "gps-cdcl"
  solver-version = 1
